
Microsoft Visual Studio Solution File, Format Version 12.00
# Visual Studio Version 16
VisualStudioVersion = 16.0.31424.327
MinimumVisualStudioVersion = 10.0.40219.1
Project("{9A19103F-16F7-4668-BE54-9A1E7A4F7556}") = "IM.Gateways.Web.Companies.Api", "Gateways\Web\IM.Gateways.Web.Companies.Api\IM.Gateways.Web.Companies.Api.csproj", "{E8859EFC-C7AF-4DD5-A8D5-9E41DC363EB1}"
EndProject
Project("{9A19103F-16F7-4668-BE54-9A1E7A4F7556}") = "IM.Services.Analyzer.Api", "Services\IM.Services.Analyzer.Api\IM.Services.Analyzer.Api.csproj", "{B0F6D5C5-6209-4666-84D7-E6E4AC1DA6DA}"
EndProject
Project("{9A19103F-16F7-4668-BE54-9A1E7A4F7556}") = "IM.Services.Companies.Prices.Api", "Services\Companies\IM.Services.Companies.Prices.Api\IM.Services.Companies.Prices.Api.csproj", "{95AE95AE-7C7A-4E50-B362-C435E4DC2B72}"
EndProject
Project("{9A19103F-16F7-4668-BE54-9A1E7A4F7556}") = "IM.Services.Companies.Reports.Api", "Services\Companies\IM.Services.Companies.Reports.Api\IM.Services.Companies.Reports.Api.csproj", "{02C68BFD-7628-4575-ACE8-AA9386B8EC69}"
EndProject
Project("{9A19103F-16F7-4668-BE54-9A1E7A4F7556}") = "InvestmentManager.Entities", "..\..\InvestmentManager\InvestmentManager.Entities\InvestmentManager.Entities.csproj", "{5E60CD23-04EA-431B-8C7F-AD7FC312A6E8}"
EndProject
Project("{9A19103F-16F7-4668-BE54-9A1E7A4F7556}") = "InvestmentManager.Repository", "..\..\InvestmentManager\InvestmentManager.Repository\InvestmentManager.Repository.csproj", "{4695A721-790B-4AAD-888C-E751326C2530}"
EndProject
Global
	GlobalSection(SolutionConfigurationPlatforms) = preSolution
		Debug|Any CPU = Debug|Any CPU
		Release|Any CPU = Release|Any CPU
	EndGlobalSection
	GlobalSection(ProjectConfigurationPlatforms) = postSolution
		{E8859EFC-C7AF-4DD5-A8D5-9E41DC363EB1}.Debug|Any CPU.ActiveCfg = Debug|Any CPU
		{E8859EFC-C7AF-4DD5-A8D5-9E41DC363EB1}.Debug|Any CPU.Build.0 = Debug|Any CPU
		{E8859EFC-C7AF-4DD5-A8D5-9E41DC363EB1}.Release|Any CPU.ActiveCfg = Release|Any CPU
		{E8859EFC-C7AF-4DD5-A8D5-9E41DC363EB1}.Release|Any CPU.Build.0 = Release|Any CPU
		{B0F6D5C5-6209-4666-84D7-E6E4AC1DA6DA}.Debug|Any CPU.ActiveCfg = Debug|Any CPU
		{B0F6D5C5-6209-4666-84D7-E6E4AC1DA6DA}.Debug|Any CPU.Build.0 = Debug|Any CPU
		{B0F6D5C5-6209-4666-84D7-E6E4AC1DA6DA}.Release|Any CPU.ActiveCfg = Release|Any CPU
		{B0F6D5C5-6209-4666-84D7-E6E4AC1DA6DA}.Release|Any CPU.Build.0 = Release|Any CPU
		{95AE95AE-7C7A-4E50-B362-C435E4DC2B72}.Debug|Any CPU.ActiveCfg = Debug|Any CPU
		{95AE95AE-7C7A-4E50-B362-C435E4DC2B72}.Debug|Any CPU.Build.0 = Debug|Any CPU
		{95AE95AE-7C7A-4E50-B362-C435E4DC2B72}.Release|Any CPU.ActiveCfg = Release|Any CPU
		{95AE95AE-7C7A-4E50-B362-C435E4DC2B72}.Release|Any CPU.Build.0 = Release|Any CPU
		{02C68BFD-7628-4575-ACE8-AA9386B8EC69}.Debug|Any CPU.ActiveCfg = Debug|Any CPU
		{02C68BFD-7628-4575-ACE8-AA9386B8EC69}.Debug|Any CPU.Build.0 = Debug|Any CPU
		{02C68BFD-7628-4575-ACE8-AA9386B8EC69}.Release|Any CPU.ActiveCfg = Release|Any CPU
		{02C68BFD-7628-4575-ACE8-AA9386B8EC69}.Release|Any CPU.Build.0 = Release|Any CPU
		{5E60CD23-04EA-431B-8C7F-AD7FC312A6E8}.Debug|Any CPU.ActiveCfg = Debug|Any CPU
		{5E60CD23-04EA-431B-8C7F-AD7FC312A6E8}.Debug|Any CPU.Build.0 = Debug|Any CPU
		{5E60CD23-04EA-431B-8C7F-AD7FC312A6E8}.Release|Any CPU.ActiveCfg = Release|Any CPU
		{5E60CD23-04EA-431B-8C7F-AD7FC312A6E8}.Release|Any CPU.Build.0 = Release|Any CPU
		{4695A721-790B-4AAD-888C-E751326C2530}.Debug|Any CPU.ActiveCfg = Debug|Any CPU
		{4695A721-790B-4AAD-888C-E751326C2530}.Debug|Any CPU.Build.0 = Debug|Any CPU
		{4695A721-790B-4AAD-888C-E751326C2530}.Release|Any CPU.ActiveCfg = Release|Any CPU
		{4695A721-790B-4AAD-888C-E751326C2530}.Release|Any CPU.Build.0 = Release|Any CPU
	EndGlobalSection
	GlobalSection(SolutionProperties) = preSolution
		HideSolutionNode = FALSE
	EndGlobalSection
	GlobalSection(ExtensibilityGlobals) = postSolution
		SolutionGuid = {C461AE91-307C-44B4-8CFC-EB50588E97AC}
	EndGlobalSection
EndGlobal
