
Microsoft Visual Studio Solution File, Format Version 12.00
# Visual Studio Version 16
VisualStudioVersion = 16.0.31424.327
MinimumVisualStudioVersion = 10.0.40219.1
Project("{9A19103F-16F7-4668-BE54-9A1E7A4F7556}") = "CommonServices", "CommonDotNet\CommonServices.csproj", "{5F0D4786-5E2A-4243-86AB-1914AA79CE75}"
EndProject
Project("{2150E333-8FDC-42A3-9474-1A3956D46DE8}") = "Services", "Services", "{2D717297-7359-431A-8F12-4FD4688D229D}"
EndProject
Project("{2150E333-8FDC-42A3-9474-1A3956D46DE8}") = "Company", "Company", "{BC918CFB-A534-49B0-8822-ED1B0D7CF875}"
EndProject
Project("{2150E333-8FDC-42A3-9474-1A3956D46DE8}") = "Broker", "Broker", "{B7434BE1-C7A1-4D6E-B1E2-CD42DC369BE1}"
EndProject
Project("{9A19103F-16F7-4668-BE54-9A1E7A4F7556}") = "IM.Service.Identity", "Services\IM.Service.Identity\IM.Service.Identity.csproj", "{D53EB50B-DFBA-46B5-87C1-5F8170FDB693}"
EndProject
Project("{9A19103F-16F7-4668-BE54-9A1E7A4F7556}") = "IM.Service.Broker.Aggregator", "Services\Broker\IM.Service.Broker.Aggregator\IM.Service.Broker.Aggregator.csproj", "{2DA161F6-A8FD-4511-A186-6737C4CBC470}"
EndProject
Project("{9A19103F-16F7-4668-BE54-9A1E7A4F7556}") = "IM.Service.Broker.Reports", "Services\Broker\IM.Service.Broker.Reports\IM.Service.Broker.Reports.csproj", "{58238DA6-55D9-4D8F-A397-8E18F3FEDE1C}"
EndProject
Project("{9A19103F-16F7-4668-BE54-9A1E7A4F7556}") = "IM.Service.Company.Analyzer", "Services\Company\IM.Service.Company.Analyzer\IM.Service.Company.Analyzer.csproj", "{EF5D0613-E9DF-4CFD-B362-FD9461B92849}"
EndProject
Project("{9A19103F-16F7-4668-BE54-9A1E7A4F7556}") = "IM.Service.Company.Prices", "Services\Company\IM.Service.Company.Prices\IM.Service.Company.Prices.csproj", "{EE7B61C6-C625-4D19-B5BB-D36735DB041E}"
EndProject
Project("{9A19103F-16F7-4668-BE54-9A1E7A4F7556}") = "IM.Service.Company.Reports", "Services\Company\IM.Service.Company.Reports\IM.Service.Company.Reports.csproj", "{0D4DCE48-EC37-4B14-BD94-96AAD4CFF407}"
EndProject
Project("{9A19103F-16F7-4668-BE54-9A1E7A4F7556}") = "IM.Service.Brokers", "Services\Broker\IM.Service.Brokers\IM.Service.Brokers.csproj", "{B9C6B60F-1940-451A-AF11-15B2971F988A}"
EndProject
Project("{9A19103F-16F7-4668-BE54-9A1E7A4F7556}") = "IM.Service.Companies", "Services\Company\IM.Service.Companies\IM.Service.Companies.csproj", "{96113290-1109-4DAF-A229-726D4A681D10}"
EndProject
Project("{9A19103F-16F7-4668-BE54-9A1E7A4F7556}") = "IM.Service.Recommendations", "Services\IM.Service.Recommendations\IM.Service.Recommendations.csproj", "{6B804F68-7DE9-4394-BD19-78EAF63634FC}"
EndProject
Project("{9A19103F-16F7-4668-BE54-9A1E7A4F7556}") = "IM.Service.Users", "Services\IM.Service.Users\IM.Service.Users.csproj", "{872F5C8A-E663-4E92-BF3B-D5E2C74CF4AF}"
EndProject
Project("{9A19103F-16F7-4668-BE54-9A1E7A4F7556}") = "Gateway.Api", "Gateway.Api\Gateway.Api.csproj", "{0AC3B823-AED0-436D-93F6-DA1A0DADD329}"
EndProject
Global
	GlobalSection(SolutionConfigurationPlatforms) = preSolution
		Debug|Any CPU = Debug|Any CPU
		Release|Any CPU = Release|Any CPU
	EndGlobalSection
	GlobalSection(ProjectConfigurationPlatforms) = postSolution
		{5F0D4786-5E2A-4243-86AB-1914AA79CE75}.Debug|Any CPU.ActiveCfg = Debug|Any CPU
		{5F0D4786-5E2A-4243-86AB-1914AA79CE75}.Debug|Any CPU.Build.0 = Debug|Any CPU
		{5F0D4786-5E2A-4243-86AB-1914AA79CE75}.Release|Any CPU.ActiveCfg = Release|Any CPU
		{5F0D4786-5E2A-4243-86AB-1914AA79CE75}.Release|Any CPU.Build.0 = Release|Any CPU
		{D53EB50B-DFBA-46B5-87C1-5F8170FDB693}.Debug|Any CPU.ActiveCfg = Debug|Any CPU
		{D53EB50B-DFBA-46B5-87C1-5F8170FDB693}.Debug|Any CPU.Build.0 = Debug|Any CPU
		{D53EB50B-DFBA-46B5-87C1-5F8170FDB693}.Release|Any CPU.ActiveCfg = Release|Any CPU
		{D53EB50B-DFBA-46B5-87C1-5F8170FDB693}.Release|Any CPU.Build.0 = Release|Any CPU
		{2DA161F6-A8FD-4511-A186-6737C4CBC470}.Debug|Any CPU.ActiveCfg = Debug|Any CPU
		{2DA161F6-A8FD-4511-A186-6737C4CBC470}.Debug|Any CPU.Build.0 = Debug|Any CPU
		{2DA161F6-A8FD-4511-A186-6737C4CBC470}.Release|Any CPU.ActiveCfg = Release|Any CPU
		{2DA161F6-A8FD-4511-A186-6737C4CBC470}.Release|Any CPU.Build.0 = Release|Any CPU
		{58238DA6-55D9-4D8F-A397-8E18F3FEDE1C}.Debug|Any CPU.ActiveCfg = Debug|Any CPU
		{58238DA6-55D9-4D8F-A397-8E18F3FEDE1C}.Debug|Any CPU.Build.0 = Debug|Any CPU
		{58238DA6-55D9-4D8F-A397-8E18F3FEDE1C}.Release|Any CPU.ActiveCfg = Release|Any CPU
		{58238DA6-55D9-4D8F-A397-8E18F3FEDE1C}.Release|Any CPU.Build.0 = Release|Any CPU
		{EF5D0613-E9DF-4CFD-B362-FD9461B92849}.Debug|Any CPU.ActiveCfg = Debug|Any CPU
		{EF5D0613-E9DF-4CFD-B362-FD9461B92849}.Debug|Any CPU.Build.0 = Debug|Any CPU
		{EF5D0613-E9DF-4CFD-B362-FD9461B92849}.Release|Any CPU.ActiveCfg = Release|Any CPU
		{EF5D0613-E9DF-4CFD-B362-FD9461B92849}.Release|Any CPU.Build.0 = Release|Any CPU
		{EE7B61C6-C625-4D19-B5BB-D36735DB041E}.Debug|Any CPU.ActiveCfg = Debug|Any CPU
		{EE7B61C6-C625-4D19-B5BB-D36735DB041E}.Debug|Any CPU.Build.0 = Debug|Any CPU
		{EE7B61C6-C625-4D19-B5BB-D36735DB041E}.Release|Any CPU.ActiveCfg = Release|Any CPU
		{EE7B61C6-C625-4D19-B5BB-D36735DB041E}.Release|Any CPU.Build.0 = Release|Any CPU
		{0D4DCE48-EC37-4B14-BD94-96AAD4CFF407}.Debug|Any CPU.ActiveCfg = Debug|Any CPU
		{0D4DCE48-EC37-4B14-BD94-96AAD4CFF407}.Debug|Any CPU.Build.0 = Debug|Any CPU
		{0D4DCE48-EC37-4B14-BD94-96AAD4CFF407}.Release|Any CPU.ActiveCfg = Release|Any CPU
		{0D4DCE48-EC37-4B14-BD94-96AAD4CFF407}.Release|Any CPU.Build.0 = Release|Any CPU
		{B9C6B60F-1940-451A-AF11-15B2971F988A}.Debug|Any CPU.ActiveCfg = Debug|Any CPU
		{B9C6B60F-1940-451A-AF11-15B2971F988A}.Debug|Any CPU.Build.0 = Debug|Any CPU
		{B9C6B60F-1940-451A-AF11-15B2971F988A}.Release|Any CPU.ActiveCfg = Release|Any CPU
		{B9C6B60F-1940-451A-AF11-15B2971F988A}.Release|Any CPU.Build.0 = Release|Any CPU
		{96113290-1109-4DAF-A229-726D4A681D10}.Debug|Any CPU.ActiveCfg = Debug|Any CPU
		{96113290-1109-4DAF-A229-726D4A681D10}.Debug|Any CPU.Build.0 = Debug|Any CPU
		{96113290-1109-4DAF-A229-726D4A681D10}.Release|Any CPU.ActiveCfg = Release|Any CPU
		{96113290-1109-4DAF-A229-726D4A681D10}.Release|Any CPU.Build.0 = Release|Any CPU
		{6B804F68-7DE9-4394-BD19-78EAF63634FC}.Debug|Any CPU.ActiveCfg = Debug|Any CPU
		{6B804F68-7DE9-4394-BD19-78EAF63634FC}.Debug|Any CPU.Build.0 = Debug|Any CPU
		{6B804F68-7DE9-4394-BD19-78EAF63634FC}.Release|Any CPU.ActiveCfg = Release|Any CPU
		{6B804F68-7DE9-4394-BD19-78EAF63634FC}.Release|Any CPU.Build.0 = Release|Any CPU
		{872F5C8A-E663-4E92-BF3B-D5E2C74CF4AF}.Debug|Any CPU.ActiveCfg = Debug|Any CPU
		{872F5C8A-E663-4E92-BF3B-D5E2C74CF4AF}.Debug|Any CPU.Build.0 = Debug|Any CPU
		{872F5C8A-E663-4E92-BF3B-D5E2C74CF4AF}.Release|Any CPU.ActiveCfg = Release|Any CPU
		{872F5C8A-E663-4E92-BF3B-D5E2C74CF4AF}.Release|Any CPU.Build.0 = Release|Any CPU
		{0AC3B823-AED0-436D-93F6-DA1A0DADD329}.Debug|Any CPU.ActiveCfg = Debug|Any CPU
		{0AC3B823-AED0-436D-93F6-DA1A0DADD329}.Debug|Any CPU.Build.0 = Debug|Any CPU
		{0AC3B823-AED0-436D-93F6-DA1A0DADD329}.Release|Any CPU.ActiveCfg = Release|Any CPU
		{0AC3B823-AED0-436D-93F6-DA1A0DADD329}.Release|Any CPU.Build.0 = Release|Any CPU
	EndGlobalSection
	GlobalSection(SolutionProperties) = preSolution
		HideSolutionNode = FALSE
	EndGlobalSection
	GlobalSection(NestedProjects) = preSolution
		{BC918CFB-A534-49B0-8822-ED1B0D7CF875} = {2D717297-7359-431A-8F12-4FD4688D229D}
		{B7434BE1-C7A1-4D6E-B1E2-CD42DC369BE1} = {2D717297-7359-431A-8F12-4FD4688D229D}
		{D53EB50B-DFBA-46B5-87C1-5F8170FDB693} = {2D717297-7359-431A-8F12-4FD4688D229D}
		{2DA161F6-A8FD-4511-A186-6737C4CBC470} = {B7434BE1-C7A1-4D6E-B1E2-CD42DC369BE1}
		{58238DA6-55D9-4D8F-A397-8E18F3FEDE1C} = {B7434BE1-C7A1-4D6E-B1E2-CD42DC369BE1}
		{EF5D0613-E9DF-4CFD-B362-FD9461B92849} = {BC918CFB-A534-49B0-8822-ED1B0D7CF875}
		{EE7B61C6-C625-4D19-B5BB-D36735DB041E} = {BC918CFB-A534-49B0-8822-ED1B0D7CF875}
		{0D4DCE48-EC37-4B14-BD94-96AAD4CFF407} = {BC918CFB-A534-49B0-8822-ED1B0D7CF875}
		{B9C6B60F-1940-451A-AF11-15B2971F988A} = {B7434BE1-C7A1-4D6E-B1E2-CD42DC369BE1}
		{96113290-1109-4DAF-A229-726D4A681D10} = {BC918CFB-A534-49B0-8822-ED1B0D7CF875}
		{6B804F68-7DE9-4394-BD19-78EAF63634FC} = {2D717297-7359-431A-8F12-4FD4688D229D}
		{872F5C8A-E663-4E92-BF3B-D5E2C74CF4AF} = {2D717297-7359-431A-8F12-4FD4688D229D}
	EndGlobalSection
	GlobalSection(ExtensibilityGlobals) = postSolution
		SolutionGuid = {3219412B-B648-43B4-B340-D5189D8D3B1E}
	EndGlobalSection
EndGlobal
