
Microsoft Visual Studio Solution File, Format Version 12.00
# Visual Studio Version 16
VisualStudioVersion = 16.0.31424.327
MinimumVisualStudioVersion = 10.0.40219.1
Project("{9A19103F-16F7-4668-BE54-9A1E7A4F7556}") = "CommonServices", "CommonDotNet\CommonServices.csproj", "{5F0D4786-5E2A-4243-86AB-1914AA79CE75}"
EndProject
Project("{9A19103F-16F7-4668-BE54-9A1E7A4F7556}") = "IM.Gateways.Web.Broker", "Gateways\Web\IM.Gateways.Web.Broker\IM.Gateways.Web.Broker.csproj", "{84FC48A6-FF1C-440C-9504-E5425F00EB02}"
EndProject
Project("{9A19103F-16F7-4668-BE54-9A1E7A4F7556}") = "IM.Gateways.Web.Company", "Gateways\Web\IM.Gateways.Web.Company\IM.Gateways.Web.Company.csproj", "{9CA4F04F-2AAE-44ED-A649-736CE4BF4EEF}"
EndProject
Project("{9A19103F-16F7-4668-BE54-9A1E7A4F7556}") = "IM.Services.Identity", "Services\IM.Services.Identity\IM.Services.Identity.csproj", "{4EAA6585-E703-4943-AE0D-C2C9BAF41DF1}"
EndProject
Project("{9A19103F-16F7-4668-BE54-9A1E7A4F7556}") = "IM.Services.Recommendations", "Services\IM.Services.Recommendations\IM.Services.Recommendations.csproj", "{6FE43570-E081-43B8-B531-25C6D876ABA4}"
EndProject
Project("{9A19103F-16F7-4668-BE54-9A1E7A4F7556}") = "IM.Services.Broker.Aggregator", "Services\Broker\IM.Services.Broker.Aggregator\IM.Services.Broker.Aggregator.csproj", "{1D907DCB-FF99-4E1D-8F32-9A33BF0B0157}"
EndProject
Project("{9A19103F-16F7-4668-BE54-9A1E7A4F7556}") = "IM.Services.Broker.Reports", "Services\Broker\IM.Services.Broker.Reports\IM.Services.Broker.Reports.csproj", "{590B8380-D69F-42C0-8733-0900FC2AE413}"
EndProject
Project("{9A19103F-16F7-4668-BE54-9A1E7A4F7556}") = "IM.Services.Company.Analyzer", "Services\Company\IM.Services.Company.Analyzer\IM.Services.Company.Analyzer.csproj", "{F3AADA17-2910-49BA-8AF6-F7B1DC5ACA14}"
EndProject
Project("{9A19103F-16F7-4668-BE54-9A1E7A4F7556}") = "IM.Services.Company.Prices", "Services\Company\IM.Services.Company.Prices\IM.Services.Company.Prices.csproj", "{B6336F99-1E02-4423-8A0C-282A3A181BA3}"
EndProject
Project("{9A19103F-16F7-4668-BE54-9A1E7A4F7556}") = "IM.Services.Company.Reports", "Services\Company\IM.Services.Company.Reports\IM.Services.Company.Reports.csproj", "{6D75333D-49CE-4F64-95AA-D18F7493B277}"
EndProject
Project("{2150E333-8FDC-42A3-9474-1A3956D46DE8}") = "Gateways", "Gateways", "{DBB051CA-CD33-49C6-9E54-356E3D947C91}"
EndProject
Project("{2150E333-8FDC-42A3-9474-1A3956D46DE8}") = "Services", "Services", "{2D717297-7359-431A-8F12-4FD4688D229D}"
EndProject
Project("{2150E333-8FDC-42A3-9474-1A3956D46DE8}") = "Company", "Company", "{BC918CFB-A534-49B0-8822-ED1B0D7CF875}"
EndProject
Project("{2150E333-8FDC-42A3-9474-1A3956D46DE8}") = "Broker", "Broker", "{B7434BE1-C7A1-4D6E-B1E2-CD42DC369BE1}"
EndProject
Project("{2150E333-8FDC-42A3-9474-1A3956D46DE8}") = "Web", "Web", "{AF44C5C6-653B-4C81-A323-EB434386F2D9}"
EndProject
Global
	GlobalSection(SolutionConfigurationPlatforms) = preSolution
		Debug|Any CPU = Debug|Any CPU
		Release|Any CPU = Release|Any CPU
	EndGlobalSection
	GlobalSection(ProjectConfigurationPlatforms) = postSolution
		{5F0D4786-5E2A-4243-86AB-1914AA79CE75}.Debug|Any CPU.ActiveCfg = Debug|Any CPU
		{5F0D4786-5E2A-4243-86AB-1914AA79CE75}.Debug|Any CPU.Build.0 = Debug|Any CPU
		{5F0D4786-5E2A-4243-86AB-1914AA79CE75}.Release|Any CPU.ActiveCfg = Release|Any CPU
		{5F0D4786-5E2A-4243-86AB-1914AA79CE75}.Release|Any CPU.Build.0 = Release|Any CPU
		{84FC48A6-FF1C-440C-9504-E5425F00EB02}.Debug|Any CPU.ActiveCfg = Debug|Any CPU
		{84FC48A6-FF1C-440C-9504-E5425F00EB02}.Debug|Any CPU.Build.0 = Debug|Any CPU
		{84FC48A6-FF1C-440C-9504-E5425F00EB02}.Release|Any CPU.ActiveCfg = Release|Any CPU
		{84FC48A6-FF1C-440C-9504-E5425F00EB02}.Release|Any CPU.Build.0 = Release|Any CPU
		{9CA4F04F-2AAE-44ED-A649-736CE4BF4EEF}.Debug|Any CPU.ActiveCfg = Debug|Any CPU
		{9CA4F04F-2AAE-44ED-A649-736CE4BF4EEF}.Debug|Any CPU.Build.0 = Debug|Any CPU
		{9CA4F04F-2AAE-44ED-A649-736CE4BF4EEF}.Release|Any CPU.ActiveCfg = Release|Any CPU
		{9CA4F04F-2AAE-44ED-A649-736CE4BF4EEF}.Release|Any CPU.Build.0 = Release|Any CPU
		{4EAA6585-E703-4943-AE0D-C2C9BAF41DF1}.Debug|Any CPU.ActiveCfg = Debug|Any CPU
		{4EAA6585-E703-4943-AE0D-C2C9BAF41DF1}.Debug|Any CPU.Build.0 = Debug|Any CPU
		{4EAA6585-E703-4943-AE0D-C2C9BAF41DF1}.Release|Any CPU.ActiveCfg = Release|Any CPU
		{4EAA6585-E703-4943-AE0D-C2C9BAF41DF1}.Release|Any CPU.Build.0 = Release|Any CPU
		{6FE43570-E081-43B8-B531-25C6D876ABA4}.Debug|Any CPU.ActiveCfg = Debug|Any CPU
		{6FE43570-E081-43B8-B531-25C6D876ABA4}.Debug|Any CPU.Build.0 = Debug|Any CPU
		{6FE43570-E081-43B8-B531-25C6D876ABA4}.Release|Any CPU.ActiveCfg = Release|Any CPU
		{6FE43570-E081-43B8-B531-25C6D876ABA4}.Release|Any CPU.Build.0 = Release|Any CPU
		{1D907DCB-FF99-4E1D-8F32-9A33BF0B0157}.Debug|Any CPU.ActiveCfg = Debug|Any CPU
		{1D907DCB-FF99-4E1D-8F32-9A33BF0B0157}.Debug|Any CPU.Build.0 = Debug|Any CPU
		{1D907DCB-FF99-4E1D-8F32-9A33BF0B0157}.Release|Any CPU.ActiveCfg = Release|Any CPU
		{1D907DCB-FF99-4E1D-8F32-9A33BF0B0157}.Release|Any CPU.Build.0 = Release|Any CPU
		{590B8380-D69F-42C0-8733-0900FC2AE413}.Debug|Any CPU.ActiveCfg = Debug|Any CPU
		{590B8380-D69F-42C0-8733-0900FC2AE413}.Debug|Any CPU.Build.0 = Debug|Any CPU
		{590B8380-D69F-42C0-8733-0900FC2AE413}.Release|Any CPU.ActiveCfg = Release|Any CPU
		{590B8380-D69F-42C0-8733-0900FC2AE413}.Release|Any CPU.Build.0 = Release|Any CPU
		{F3AADA17-2910-49BA-8AF6-F7B1DC5ACA14}.Debug|Any CPU.ActiveCfg = Debug|Any CPU
		{F3AADA17-2910-49BA-8AF6-F7B1DC5ACA14}.Debug|Any CPU.Build.0 = Debug|Any CPU
		{F3AADA17-2910-49BA-8AF6-F7B1DC5ACA14}.Release|Any CPU.ActiveCfg = Release|Any CPU
		{F3AADA17-2910-49BA-8AF6-F7B1DC5ACA14}.Release|Any CPU.Build.0 = Release|Any CPU
		{B6336F99-1E02-4423-8A0C-282A3A181BA3}.Debug|Any CPU.ActiveCfg = Debug|Any CPU
		{B6336F99-1E02-4423-8A0C-282A3A181BA3}.Debug|Any CPU.Build.0 = Debug|Any CPU
		{B6336F99-1E02-4423-8A0C-282A3A181BA3}.Release|Any CPU.ActiveCfg = Release|Any CPU
		{B6336F99-1E02-4423-8A0C-282A3A181BA3}.Release|Any CPU.Build.0 = Release|Any CPU
		{6D75333D-49CE-4F64-95AA-D18F7493B277}.Debug|Any CPU.ActiveCfg = Debug|Any CPU
		{6D75333D-49CE-4F64-95AA-D18F7493B277}.Debug|Any CPU.Build.0 = Debug|Any CPU
		{6D75333D-49CE-4F64-95AA-D18F7493B277}.Release|Any CPU.ActiveCfg = Release|Any CPU
		{6D75333D-49CE-4F64-95AA-D18F7493B277}.Release|Any CPU.Build.0 = Release|Any CPU
	EndGlobalSection
	GlobalSection(SolutionProperties) = preSolution
		HideSolutionNode = FALSE
	EndGlobalSection
	GlobalSection(NestedProjects) = preSolution
		{84FC48A6-FF1C-440C-9504-E5425F00EB02} = {AF44C5C6-653B-4C81-A323-EB434386F2D9}
		{9CA4F04F-2AAE-44ED-A649-736CE4BF4EEF} = {AF44C5C6-653B-4C81-A323-EB434386F2D9}
		{4EAA6585-E703-4943-AE0D-C2C9BAF41DF1} = {2D717297-7359-431A-8F12-4FD4688D229D}
		{6FE43570-E081-43B8-B531-25C6D876ABA4} = {2D717297-7359-431A-8F12-4FD4688D229D}
		{1D907DCB-FF99-4E1D-8F32-9A33BF0B0157} = {B7434BE1-C7A1-4D6E-B1E2-CD42DC369BE1}
		{590B8380-D69F-42C0-8733-0900FC2AE413} = {B7434BE1-C7A1-4D6E-B1E2-CD42DC369BE1}
		{F3AADA17-2910-49BA-8AF6-F7B1DC5ACA14} = {BC918CFB-A534-49B0-8822-ED1B0D7CF875}
		{B6336F99-1E02-4423-8A0C-282A3A181BA3} = {BC918CFB-A534-49B0-8822-ED1B0D7CF875}
		{6D75333D-49CE-4F64-95AA-D18F7493B277} = {BC918CFB-A534-49B0-8822-ED1B0D7CF875}
		{BC918CFB-A534-49B0-8822-ED1B0D7CF875} = {2D717297-7359-431A-8F12-4FD4688D229D}
		{B7434BE1-C7A1-4D6E-B1E2-CD42DC369BE1} = {2D717297-7359-431A-8F12-4FD4688D229D}
		{AF44C5C6-653B-4C81-A323-EB434386F2D9} = {DBB051CA-CD33-49C6-9E54-356E3D947C91}
	EndGlobalSection
	GlobalSection(ExtensibilityGlobals) = postSolution
		SolutionGuid = {3219412B-B648-43B4-B340-D5189D8D3B1E}
	EndGlobalSection
EndGlobal
